
Microsoft Visual Studio Solution File, Format Version 12.00
# Visual Studio Version 17
VisualStudioVersion = 17.4.33205.214
MinimumVisualStudioVersion = 10.0.40219.1
Project("{FAE04EC0-301F-11D3-BF4B-00C04F79EFBC}") = "IdentityProject", "IdentityProject.csproj", "{D06773E3-3DC5-4E6E-AA12-0A47D90A252E}"
EndProject
Global
	GlobalSection(SolutionConfigurationPlatforms) = preSolution
		Debug|Any CPU = Debug|Any CPU
		Release|Any CPU = Release|Any CPU
	EndGlobalSection
	GlobalSection(ProjectConfigurationPlatforms) = postSolution
		{D06773E3-3DC5-4E6E-AA12-0A47D90A252E}.Debug|Any CPU.ActiveCfg = Debug|Any CPU
		{D06773E3-3DC5-4E6E-AA12-0A47D90A252E}.Debug|Any CPU.Build.0 = Debug|Any CPU
		{D06773E3-3DC5-4E6E-AA12-0A47D90A252E}.Release|Any CPU.ActiveCfg = Release|Any CPU
		{D06773E3-3DC5-4E6E-AA12-0A47D90A252E}.Release|Any CPU.Build.0 = Release|Any CPU
	EndGlobalSection
	GlobalSection(SolutionProperties) = preSolution
		HideSolutionNode = FALSE
	EndGlobalSection
	GlobalSection(ExtensibilityGlobals) = postSolution
		SolutionGuid = {01C7CC92-4025-4ECE-AEED-9A193B7B43CD}
	EndGlobalSection
EndGlobal
